// !$*UTF8*$!
{
	archiveVersion = 1;
	classes = {
	};
	objectVersion = 46;
	objects = {

/* Begin PBXBuildFile section */
		950DAEB91F35D35F001F878E /* AppDelegate.swift in Sources */ = {isa = PBXBuildFile; fileRef = 950DAEB81F35D35F001F878E /* AppDelegate.swift */; };
		950DAEBB1F35D35F001F878E /* ViewController.swift in Sources */ = {isa = PBXBuildFile; fileRef = 950DAEBA1F35D35F001F878E /* ViewController.swift */; };
		950DAEBE1F35D35F001F878E /* Main.storyboard in Resources */ = {isa = PBXBuildFile; fileRef = 950DAEBC1F35D35F001F878E /* Main.storyboard */; };
		950DAEC01F35D35F001F878E /* Assets.xcassets in Resources */ = {isa = PBXBuildFile; fileRef = 950DAEBF1F35D35F001F878E /* Assets.xcassets */; };
		950DAEC31F35D35F001F878E /* LaunchScreen.storyboard in Resources */ = {isa = PBXBuildFile; fileRef = 950DAEC11F35D35F001F878E /* LaunchScreen.storyboard */; };
/* End PBXBuildFile section */

/* Begin PBXFileReference section */
		950DAEB51F35D35F001F878E /* FlightInfo.app */ = {isa = PBXFileReference; explicitFileType = wrapper.application; includeInIndex = 0; path = FlightInfo.app; sourceTree = BUILT_PRODUCTS_DIR; };
		950DAEB81F35D35F001F878E /* AppDelegate.swift */ = {isa = PBXFileReference; lastKnownFileType = sourcecode.swift; path = AppDelegate.swift; sourceTree = "<group>"; };
		950DAEBA1F35D35F001F878E /* ViewController.swift */ = {isa = PBXFileReference; lastKnownFileType = sourcecode.swift; path = ViewController.swift; sourceTree = "<group>"; };
		950DAEBD1F35D35F001F878E /* Base */ = {isa = PBXFileReference; lastKnownFileType = file.storyboard; name = Base; path = Base.lproj/Main.storyboard; sourceTree = "<group>"; };
		950DAEBF1F35D35F001F878E /* Assets.xcassets */ = {isa = PBXFileReference; lastKnownFileType = folder.assetcatalog; path = Assets.xcassets; sourceTree = "<group>"; };
		950DAEC21F35D35F001F878E /* Base */ = {isa = PBXFileReference; lastKnownFileType = file.storyboard; name = Base; path = Base.lproj/LaunchScreen.storyboard; sourceTree = "<group>"; };
		950DAEC41F35D35F001F878E /* Info.plist */ = {isa = PBXFileReference; lastKnownFileType = text.plist.xml; path = Info.plist; sourceTree = "<group>"; };
/* End PBXFileReference section */

/* Begin PBXFrameworksBuildPhase section */
		950DAEB21F35D35F001F878E /* Frameworks */ = {
			isa = PBXFrameworksBuildPhase;
			buildActionMask = 2147483647;
			files = (
			);
			runOnlyForDeploymentPostprocessing = 0;
		};
/* End PBXFrameworksBuildPhase section */

/* Begin PBXGroup section */
		950DAEAC1F35D35F001F878E = {
			isa = PBXGroup;
			children = (
				950DAEB71F35D35F001F878E /* FlightInfo */,
				950DAEB61F35D35F001F878E /* Products */,
			);
			sourceTree = "<group>";
		};
		950DAEB61F35D35F001F878E /* Products */ = {
			isa = PBXGroup;
			children = (
				950DAEB51F35D35F001F878E /* FlightInfo.app */,
			);
			name = Products;
			sourceTree = "<group>";
		};
		950DAEB71F35D35F001F878E /* FlightInfo */ = {
			isa = PBXGroup;
			children = (
				950DAEB81F35D35F001F878E /* AppDelegate.swift */,
				950DAEBA1F35D35F001F878E /* ViewController.swift */,
				950DAEBC1F35D35F001F878E /* Main.storyboard */,
				950DAEBF1F35D35F001F878E /* Assets.xcassets */,
				950DAEC11F35D35F001F878E /* LaunchScreen.storyboard */,
				950DAEC41F35D35F001F878E /* Info.plist */,
			);
			path = FlightInfo;
			sourceTree = "<group>";
		};
/* End PBXGroup section */

/* Begin PBXNativeTarget section */
		950DAEB41F35D35F001F878E /* FlightInfo */ = {
			isa = PBXNativeTarget;
			buildConfigurationList = 950DAEC71F35D35F001F878E /* Build configuration list for PBXNativeTarget "FlightInfo" */;
			buildPhases = (
				950DAEB11F35D35F001F878E /* Sources */,
				950DAEB21F35D35F001F878E /* Frameworks */,
				950DAEB31F35D35F001F878E /* Resources */,
			);
			buildRules = (
			);
			dependencies = (
			);
			name = FlightInfo;
			productName = FlightInfo;
			productReference = 950DAEB51F35D35F001F878E /* FlightInfo.app */;
			productType = "com.apple.product-type.application";
		};
/* End PBXNativeTarget section */

/* Begin PBXProject section */
		950DAEAD1F35D35F001F878E /* Project object */ = {
			isa = PBXProject;
			attributes = {
				LastSwiftUpdateCheck = 0830;
				LastUpgradeCheck = 0830;
				ORGANIZATIONNAME = "Pure Creek";
				TargetAttributes = {
					950DAEB41F35D35F001F878E = {
						CreatedOnToolsVersion = 8.3;
						ProvisioningStyle = Automatic;
					};
				};
			};
			buildConfigurationList = 950DAEB01F35D35F001F878E /* Build configuration list for PBXProject "FlightInfo" */;
			compatibilityVersion = "Xcode 3.2";
			developmentRegion = English;
			hasScannedForEncodings = 0;
			knownRegions = (
				en,
				Base,
			);
			mainGroup = 950DAEAC1F35D35F001F878E;
			productRefGroup = 950DAEB61F35D35F001F878E /* Products */;
			projectDirPath = "";
			projectRoot = "";
			targets = (
				950DAEB41F35D35F001F878E /* FlightInfo */,
			);
		};
/* End PBXProject section */

/* Begin PBXResourcesBuildPhase section */
		950DAEB31F35D35F001F878E /* Resources */ = {
			isa = PBXResourcesBuildPhase;
			buildActionMask = 2147483647;
			files = (
				950DAEC31F35D35F001F878E /* LaunchScreen.storyboard in Resources */,
				950DAEC01F35D35F001F878E /* Assets.xcassets in Resources */,
				950DAEBE1F35D35F001F878E /* Main.storyboard in Resources */,
			);
			runOnlyForDeploymentPostprocessing = 0;
		};
/* End PBXResourcesBuildPhase section */

/* Begin PBXSourcesBuildPhase section */
		950DAEB11F35D35F001F878E /* Sources */ = {
			isa = PBXSourcesBuildPhase;
			buildActionMask = 2147483647;
			files = (
				950DAEBB1F35D35F001F878E /* ViewController.swift in Sources */,
				950DAEB91F35D35F001F878E /* AppDelegate.swift in Sources */,
			);
			runOnlyForDeploymentPostprocessing = 0;
		};
/* End PBXSourcesBuildPhase section */

/* Begin PBXVariantGroup section */
		950DAEBC1F35D35F001F878E /* Main.storyboard */ = {
			isa = PBXVariantGroup;
			children = (
				950DAEBD1F35D35F001F878E /* Base */,
			);
			name = Main.storyboard;
			sourceTree = "<group>";
		};
		950DAEC11F35D35F001F878E /* LaunchScreen.storyboard */ = {
			isa = PBXVariantGroup;
			children = (
				950DAEC21F35D35F001F878E /* Base */,
			);
			name = LaunchScreen.storyboard;
			sourceTree = "<group>";
		};
/* End PBXVariantGroup section */

/* Begin XCBuildConfiguration section */
		950DAEC51F35D35F001F878E /* Debug */ = {
			isa = XCBuildConfiguration;
			buildSettings = {
				ALWAYS_SEARCH_USER_PATHS = NO;
				CLANG_ANALYZER_NONNULL = YES;
				CLANG_ANALYZER_NUMBER_OBJECT_CONVERSION = YES_AGGRESSIVE;
				CLANG_CXX_LANGUAGE_STANDARD = "gnu++0x";
				CLANG_CXX_LIBRARY = "libc++";
				CLANG_ENABLE_MODULES = YES;
				CLANG_ENABLE_OBJC_ARC = YES;
				CLANG_WARN_BOOL_CONVERSION = YES;
				CLANG_WARN_CONSTANT_CONVERSION = YES;
				CLANG_WARN_DIRECT_OBJC_ISA_USAGE = YES_ERROR;
				CLANG_WARN_DOCUMENTATION_COMMENTS = YES;
				CLANG_WARN_EMPTY_BODY = YES;
				CLANG_WARN_ENUM_CONVERSION = YES;
				CLANG_WARN_INFINITE_RECURSION = YES;
				CLANG_WARN_INT_CONVERSION = YES;
				CLANG_WARN_OBJC_ROOT_CLASS = YES_ERROR;
				CLANG_WARN_SUSPICIOUS_MOVE = YES;
				CLANG_WARN_UNREACHABLE_CODE = YES;
				CLANG_WARN__DUPLICATE_METHOD_MATCH = YES;
				"CODE_SIGN_IDENTITY[sdk=iphoneos*]" = "iPhone Developer";
				COPY_PHASE_STRIP = NO;
				DEBUG_INFORMATION_FORMAT = dwarf;
				ENABLE_STRICT_OBJC_MSGSEND = YES;
				ENABLE_TESTABILITY = YES;
				GCC_C_LANGUAGE_STANDARD = gnu99;
				GCC_DYNAMIC_NO_PIC = NO;
				GCC_NO_COMMON_BLOCKS = YES;
				GCC_OPTIMIZATION_LEVEL = 0;
				GCC_PREPROCESSOR_DEFINITIONS = (
					"DEBUG=1",
					"$(inherited)",
				);
				GCC_WARN_64_TO_32_BIT_CONVERSION = YES;
				GCC_WARN_ABOUT_RETURN_TYPE = YES_ERROR;
				GCC_WARN_UNDECLARED_SELECTOR = YES;
				GCC_WARN_UNINITIALIZED_AUTOS = YES_AGGRESSIVE;
				GCC_WARN_UNUSED_FUNCTION = YES;
				GCC_WARN_UNUSED_VARIABLE = YES;
				IPHONEOS_DEPLOYMENT_TARGET = 10.3;
				MTL_ENABLE_DEBUG_INFO = YES;
				ONLY_ACTIVE_ARCH = YES;
				SDKROOT = iphoneos;
				SWIFT_ACTIVE_COMPILATION_CONDITIONS = DEBUG;
				SWIFT_OPTIMIZATION_LEVEL = "-Onone";
			};
			name = Debug;
		};
		950DAEC61F35D35F001F878E /* Release */ = {
			isa = XCBuildConfiguration;
			buildSettings = {
				ALWAYS_SEARCH_USER_PATHS = NO;
				CLANG_ANALYZER_NONNULL = YES;
				CLANG_ANALYZER_NUMBER_OBJECT_CONVERSION = YES_AGGRESSIVE;
				CLANG_CXX_LANGUAGE_STANDARD = "gnu++0x";
				CLANG_CXX_LIBRARY = "libc++";
				CLANG_ENABLE_MODULES = YES;
				CLANG_ENABLE_OBJC_ARC = YES;
				CLANG_WARN_BOOL_CONVERSION = YES;
				CLANG_WARN_CONSTANT_CONVERSION = YES;
				CLANG_WARN_DIRECT_OBJC_ISA_USAGE = YES_ERROR;
				CLANG_WARN_DOCUMENTATION_COMMENTS = YES;
				CLANG_WARN_EMPTY_BODY = YES;
				CLANG_WARN_ENUM_CONVERSION = YES;
				CLANG_WARN_INFINITE_RECURSION = YES;
				CLANG_WARN_INT_CONVERSION = YES;
				CLANG_WARN_OBJC_ROOT_CLASS = YES_ERROR;
				CLANG_WARN_SUSPICIOUS_MOVE = YES;
				CLANG_WARN_UNREACHABLE_CODE = YES;
				CLANG_WARN__DUPLICATE_METHOD_MATCH = YES;
				"CODE_SIGN_IDENTITY[sdk=iphoneos*]" = "iPhone Developer";
				COPY_PHASE_STRIP = NO;
				DEBUG_INFORMATION_FORMAT = "dwarf-with-dsym";
				ENABLE_NS_ASSERTIONS = NO;
				ENABLE_STRICT_OBJC_MSGSEND = YES;
				GCC_C_LANGUAGE_STANDARD = gnu99;
				GCC_NO_COMMON_BLOCKS = YES;
				GCC_WARN_64_TO_32_BIT_CONVERSION = YES;
				GCC_WARN_ABOUT_RETURN_TYPE = YES_ERROR;
				GCC_WARN_UNDECLARED_SELECTOR = YES;
				GCC_WARN_UNINITIALIZED_AUTOS = YES_AGGRESSIVE;
				GCC_WARN_UNUSED_FUNCTION = YES;
				GCC_WARN_UNUSED_VARIABLE = YES;
				IPHONEOS_DEPLOYMENT_TARGET = 10.3;
				MTL_ENABLE_DEBUG_INFO = NO;
				SDKROOT = iphoneos;
				SWIFT_OPTIMIZATION_LEVEL = "-Owholemodule";
				VALIDATE_PRODUCT = YES;
			};
			name = Release;
		};
		950DAEC81F35D35F001F878E /* Debug */ = {
			isa = XCBuildConfiguration;
			buildSettings = {
				ASSETCATALOG_COMPILER_APPICON_NAME = AppIcon;
				INFOPLIST_FILE = FlightInfo/Info.plist;
				LD_RUNPATH_SEARCH_PATHS = "$(inherited) @executable_path/Frameworks";
				PRODUCT_BUNDLE_IDENTIFIER = com.purecreek.FlightInfo;
				PRODUCT_NAME = "$(TARGET_NAME)";
				SWIFT_VERSION = 3.0;
			};
			name = Debug;
		};
		950DAEC91F35D35F001F878E /* Release */ = {
			isa = XCBuildConfiguration;
			buildSettings = {
				ASSETCATALOG_COMPILER_APPICON_NAME = AppIcon;
				INFOPLIST_FILE = FlightInfo/Info.plist;
				LD_RUNPATH_SEARCH_PATHS = "$(inherited) @executable_path/Frameworks";
				PRODUCT_BUNDLE_IDENTIFIER = com.purecreek.FlightInfo;
				PRODUCT_NAME = "$(TARGET_NAME)";
				SWIFT_VERSION = 3.0;
			};
			name = Release;
		};
/* End XCBuildConfiguration section */

/* Begin XCConfigurationList section */
		950DAEB01F35D35F001F878E /* Build configuration list for PBXProject "FlightInfo" */ = {
			isa = XCConfigurationList;
			buildConfigurations = (
				950DAEC51F35D35F001F878E /* Debug */,
				950DAEC61F35D35F001F878E /* Release */,
			);
			defaultConfigurationIsVisible = 0;
			defaultConfigurationName = Release;
		};
		950DAEC71F35D35F001F878E /* Build configuration list for PBXNativeTarget "FlightInfo" */ = {
			isa = XCConfigurationList;
			buildConfigurations = (
				950DAEC81F35D35F001F878E /* Debug */,
				950DAEC91F35D35F001F878E /* Release */,
			);
			defaultConfigurationIsVisible = 0;
		};
/* End XCConfigurationList section */
	};
	rootObject = 950DAEAD1F35D35F001F878E /* Project object */;
}
